
Microsoft Visual Studio Solution File, Format Version 12.00
# Visual Studio 15
Project("{FAE04EC0-301F-11D3-BF4B-00C04F79EFBC}") = "Oculus.Platform", "Oculus.Platform.csproj", "{3A6CEB9A-A8C7-1BFE-613B-F46CF0821F88}"
EndProject
Project("{FAE04EC0-301F-11D3-BF4B-00C04F79EFBC}") = "Assembly-CSharp", "Assembly-CSharp.csproj", "{E1CE1FEE-67BE-6533-73AA-CC578BE80DCD}"
EndProject
Project("{FAE04EC0-301F-11D3-BF4B-00C04F79EFBC}") = "Oculus.Spatializer", "Oculus.Spatializer.csproj", "{C93B7345-5E4C-0659-751F-1AA3F04339CD}"
EndProject
Project("{FAE04EC0-301F-11D3-BF4B-00C04F79EFBC}") = "Oculus.Interaction", "Oculus.Interaction.csproj", "{BD8CA0C8-1F16-661C-44CF-360C0E2E2BE8}"
EndProject
Project("{FAE04EC0-301F-11D3-BF4B-00C04F79EFBC}") = "Meta.WitAi", "Meta.WitAi.csproj", "{5EDB361E-6C17-AF4B-9E4B-1B96B354895A}"
EndProject
Project("{FAE04EC0-301F-11D3-BF4B-00C04F79EFBC}") = "Oculus.Interaction.OVR.Samples", "Oculus.Interaction.OVR.Samples.csproj", "{39899667-2F4E-5C0A-C04B-8CB0A37F08E3}"
EndProject
Project("{FAE04EC0-301F-11D3-BF4B-00C04F79EFBC}") = "Oculus.VR", "Oculus.VR.csproj", "{AD350E5E-82E3-22F9-C9CF-0E6A2BCD8CB1}"
EndProject
Project("{FAE04EC0-301F-11D3-BF4B-00C04F79EFBC}") = "VoiceSDK.Dictation.Runtime", "VoiceSDK.Dictation.Runtime.csproj", "{A4AAE522-CA4F-8A88-0EF4-F322647C980C}"
EndProject
Project("{FAE04EC0-301F-11D3-BF4B-00C04F79EFBC}") = "Meta.WitAi.TTS", "Meta.WitAi.TTS.csproj", "{FC50B0A4-1375-15BB-A592-AE5E61C1DC7C}"
EndProject
Project("{FAE04EC0-301F-11D3-BF4B-00C04F79EFBC}") = "Oculus.AudioManager", "Oculus.AudioManager.csproj", "{AAC7B2CC-740A-FB24-B11B-818E4E6B25AD}"
EndProject
Project("{FAE04EC0-301F-11D3-BF4B-00C04F79EFBC}") = "VoiceSDK.Runtime", "VoiceSDK.Runtime.csproj", "{2292C091-05E3-BC94-E10B-61B8C75CA7FD}"
EndProject
Project("{FAE04EC0-301F-11D3-BF4B-00C04F79EFBC}") = "Facebook.Wit.Dictation", "Facebook.Wit.Dictation.csproj", "{33E2AF03-4A14-35FE-0382-65D4B3B3AC5F}"
EndProject
Project("{FAE04EC0-301F-11D3-BF4B-00C04F79EFBC}") = "Meta.WitAi.TTS.Samples", "Meta.WitAi.TTS.Samples.csproj", "{58EF688A-4879-B455-2AD9-467DFE027EDC}"
EndProject
Project("{FAE04EC0-301F-11D3-BF4B-00C04F79EFBC}") = "Oculus.Voice.Demo", "Oculus.Voice.Demo.csproj", "{3764A408-AA0B-757C-439F-664075714A1F}"
EndProject
Project("{FAE04EC0-301F-11D3-BF4B-00C04F79EFBC}") = "Meta.WitAi.Lib", "Meta.WitAi.Lib.csproj", "{77D5C60E-354D-D502-AF9A-706B19A0E58E}"
EndProject
Project("{FAE04EC0-301F-11D3-BF4B-00C04F79EFBC}") = "Oculus.Interaction.OVR", "Oculus.Interaction.OVR.csproj", "{6978BE33-8F78-CCFD-DA4D-B9FDF92BDB81}"
EndProject
Project("{FAE04EC0-301F-11D3-BF4B-00C04F79EFBC}") = "AssistantCoreSDKRuntime", "AssistantCoreSDKRuntime.csproj", "{BBC14F9E-8BB6-C360-B798-C6620F73AA10}"
EndProject
Project("{FAE04EC0-301F-11D3-BF4B-00C04F79EFBC}") = "Meta.WitAi.Conduit", "Meta.WitAi.Conduit.csproj", "{54AC726C-3F1F-EA86-89F6-A20BB3D0273D}"
EndProject
Project("{FAE04EC0-301F-11D3-BF4B-00C04F79EFBC}") = "Oculus.LipSync", "Oculus.LipSync.csproj", "{EB75B547-FF57-FEEF-1C69-86051CCE95E4}"
EndProject
Project("{FAE04EC0-301F-11D3-BF4B-00C04F79EFBC}") = "Meta.VoiceSDK.Mic.Other", "Meta.VoiceSDK.Mic.Other.csproj", "{D17A9549-7BFA-D9AD-7370-0CE5F4E7A019}"
EndProject
Project("{FAE04EC0-301F-11D3-BF4B-00C04F79EFBC}") = "Meta.VoiceSDK.Mic.Common", "Meta.VoiceSDK.Mic.Common.csproj", "{B938D7DA-FC05-5A2D-401A-6E3FA71D55BF}"
EndProject
Project("{FAE04EC0-301F-11D3-BF4B-00C04F79EFBC}") = "Meta.WitAi.Editor", "Meta.WitAi.Editor.csproj", "{AB35E524-4934-3578-B901-840B7F9BB4CB}"
EndProject
Project("{FAE04EC0-301F-11D3-BF4B-00C04F79EFBC}") = "Meta.WitAi.Conduit.Editor", "Meta.WitAi.Conduit.Editor.csproj", "{049D01AF-BDA6-014A-8F16-FB22CB2CFD89}"
EndProject
Project("{FAE04EC0-301F-11D3-BF4B-00C04F79EFBC}") = "Oculus.Interaction.Editor", "Oculus.Interaction.Editor.csproj", "{354CC1AB-C519-5D91-B21F-C71926F82A08}"
EndProject
Project("{FAE04EC0-301F-11D3-BF4B-00C04F79EFBC}") = "Meta.WitAI.Lib.Editor", "Meta.WitAI.Lib.Editor.csproj", "{0BE37737-03B2-3487-662E-6C86C0E0D90C}"
EndProject
Project("{FAE04EC0-301F-11D3-BF4B-00C04F79EFBC}") = "Oculus.VR.Editor", "Oculus.VR.Editor.csproj", "{F4E152E2-F6C2-D8F9-54D5-03F4249F5101}"
EndProject
Project("{FAE04EC0-301F-11D3-BF4B-00C04F79EFBC}") = "Unity.XR.Management.Samples", "Unity.XR.Management.Samples.csproj", "{B37606EF-BBD1-F2B4-E978-AFC7A754EB9A}"
EndProject
Project("{FAE04EC0-301F-11D3-BF4B-00C04F79EFBC}") = "Oculus.Interaction.OVR.Editor", "Oculus.Interaction.OVR.Editor.csproj", "{C6BDD527-0364-2830-310B-EDE31E44AC6B}"
EndProject
Project("{FAE04EC0-301F-11D3-BF4B-00C04F79EFBC}") = "Assembly-CSharp-Editor", "Assembly-CSharp-Editor.csproj", "{D639510A-B7C0-C64D-F6AD-66CC4ECACC64}"
EndProject
Project("{FAE04EC0-301F-11D3-BF4B-00C04F79EFBC}") = "Oculus.Interaction.Samples.Editor", "Oculus.Interaction.Samples.Editor.csproj", "{96EF606E-BDAC-FA89-8AB8-BCA309B53AFB}"
EndProject
Project("{FAE04EC0-301F-11D3-BF4B-00C04F79EFBC}") = "Oculus.VR.Scripts.Editor", "Oculus.VR.Scripts.Editor.csproj", "{C42A741E-4189-F17C-06F6-A4D3C53B14DF}"
EndProject
Project("{FAE04EC0-301F-11D3-BF4B-00C04F79EFBC}") = "VoiceSDK.Editor", "VoiceSDK.Editor.csproj", "{B45F9D26-8992-2ABE-A344-EC4652ABE0F3}"
EndProject
Project("{FAE04EC0-301F-11D3-BF4B-00C04F79EFBC}") = "Oculus.Spatializer.Editor", "Oculus.Spatializer.Editor.csproj", "{E094C1CF-8EE6-4F60-CF00-D670D6C1F395}"
EndProject
Project("{FAE04EC0-301F-11D3-BF4B-00C04F79EFBC}") = "Meta.WitAi.TTS.Editor", "Meta.WitAi.TTS.Editor.csproj", "{9B5260C9-FA94-F8A3-C778-BD08958477E5}"
EndProject
Project("{FAE04EC0-301F-11D3-BF4B-00C04F79EFBC}") = "Facebook.Wit.Dictation.Editor", "Facebook.Wit.Dictation.Editor.csproj", "{BA7AE558-88F2-CC8F-AE78-CF55059FD2D6}"
EndProject
Project("{FAE04EC0-301F-11D3-BF4B-00C04F79EFBC}") = "VoiceSDK.Dictation.Editor", "VoiceSDK.Dictation.Editor.csproj", "{F1D117FB-1142-AC1A-7E6F-F60190A2F30A}"
EndProject
Project("{FAE04EC0-301F-11D3-BF4B-00C04F79EFBC}") = "Oculus.Platform.Editor", "Oculus.Platform.Editor.csproj", "{95A150D0-5A31-3233-7D07-AFE703F5811C}"
EndProject
Project("{FAE04EC0-301F-11D3-BF4B-00C04F79EFBC}") = "Oculus.AudioManager.Audio.Editor", "Oculus.AudioManager.Audio.Editor.csproj", "{AB8CDBF4-3CC9-3CCF-99F4-69659A7D12D5}"
EndProject
Project("{FAE04EC0-301F-11D3-BF4B-00C04F79EFBC}") = "Oculus.Interaction.InterfaceSupport", "Oculus.Interaction.InterfaceSupport.csproj", "{1379D48A-D795-F70F-2A2A-6E4DAC64A682}"
EndProject
Project("{FAE04EC0-301F-11D3-BF4B-00C04F79EFBC}") = "Oculus.LipSync.Editor", "Oculus.LipSync.Editor.csproj", "{189B56EF-32DB-9034-7A0A-1E175D39B25A}"
EndProject
Project("{FAE04EC0-301F-11D3-BF4B-00C04F79EFBC}") = "Unity.XR.Management.Samples.Editor", "Unity.XR.Management.Samples.Editor.csproj", "{AA74D030-5E24-F81B-44A4-4B58E75110C4}"
EndProject
Project("{FAE04EC0-301F-11D3-BF4B-00C04F79EFBC}") = "AssistantCoreSDKEditor", "AssistantCoreSDKEditor.csproj", "{A0914665-A852-E84E-40DD-4445AF131286}"
EndProject
Project("{FAE04EC0-301F-11D3-BF4B-00C04F79EFBC}") = "Oculus.AudioManager.Utils.Editor", "Oculus.AudioManager.Utils.Editor.csproj", "{72AD3753-4962-49A8-3DA6-BB8D790B4C77}"
EndProject
Global
	GlobalSection(SolutionConfigurationPlatforms) = preSolution
		Debug|Any CPU = Debug|Any CPU
		Release|Any CPU = Release|Any CPU
	EndGlobalSection
	GlobalSection(ProjectConfigurationPlatforms) = postSolution
		{3A6CEB9A-A8C7-1BFE-613B-F46CF0821F88}.Debug|Any CPU.ActiveCfg = Debug|Any CPU
		{3A6CEB9A-A8C7-1BFE-613B-F46CF0821F88}.Debug|Any CPU.Build.0 = Debug|Any CPU
		{3A6CEB9A-A8C7-1BFE-613B-F46CF0821F88}.Release|Any CPU.ActiveCfg = Release|Any CPU
		{3A6CEB9A-A8C7-1BFE-613B-F46CF0821F88}.Release|Any CPU.Build.0 = Release|Any CPU
		{E1CE1FEE-67BE-6533-73AA-CC578BE80DCD}.Debug|Any CPU.ActiveCfg = Debug|Any CPU
		{E1CE1FEE-67BE-6533-73AA-CC578BE80DCD}.Debug|Any CPU.Build.0 = Debug|Any CPU
		{E1CE1FEE-67BE-6533-73AA-CC578BE80DCD}.Release|Any CPU.ActiveCfg = Release|Any CPU
		{E1CE1FEE-67BE-6533-73AA-CC578BE80DCD}.Release|Any CPU.Build.0 = Release|Any CPU
		{C93B7345-5E4C-0659-751F-1AA3F04339CD}.Debug|Any CPU.ActiveCfg = Debug|Any CPU
		{C93B7345-5E4C-0659-751F-1AA3F04339CD}.Debug|Any CPU.Build.0 = Debug|Any CPU
		{C93B7345-5E4C-0659-751F-1AA3F04339CD}.Release|Any CPU.ActiveCfg = Release|Any CPU
		{C93B7345-5E4C-0659-751F-1AA3F04339CD}.Release|Any CPU.Build.0 = Release|Any CPU
		{BD8CA0C8-1F16-661C-44CF-360C0E2E2BE8}.Debug|Any CPU.ActiveCfg = Debug|Any CPU
		{BD8CA0C8-1F16-661C-44CF-360C0E2E2BE8}.Debug|Any CPU.Build.0 = Debug|Any CPU
		{BD8CA0C8-1F16-661C-44CF-360C0E2E2BE8}.Release|Any CPU.ActiveCfg = Release|Any CPU
		{BD8CA0C8-1F16-661C-44CF-360C0E2E2BE8}.Release|Any CPU.Build.0 = Release|Any CPU
		{5EDB361E-6C17-AF4B-9E4B-1B96B354895A}.Debug|Any CPU.ActiveCfg = Debug|Any CPU
		{5EDB361E-6C17-AF4B-9E4B-1B96B354895A}.Debug|Any CPU.Build.0 = Debug|Any CPU
		{5EDB361E-6C17-AF4B-9E4B-1B96B354895A}.Release|Any CPU.ActiveCfg = Release|Any CPU
		{5EDB361E-6C17-AF4B-9E4B-1B96B354895A}.Release|Any CPU.Build.0 = Release|Any CPU
		{39899667-2F4E-5C0A-C04B-8CB0A37F08E3}.Debug|Any CPU.ActiveCfg = Debug|Any CPU
		{39899667-2F4E-5C0A-C04B-8CB0A37F08E3}.Debug|Any CPU.Build.0 = Debug|Any CPU
		{39899667-2F4E-5C0A-C04B-8CB0A37F08E3}.Release|Any CPU.ActiveCfg = Release|Any CPU
		{39899667-2F4E-5C0A-C04B-8CB0A37F08E3}.Release|Any CPU.Build.0 = Release|Any CPU
		{AD350E5E-82E3-22F9-C9CF-0E6A2BCD8CB1}.Debug|Any CPU.ActiveCfg = Debug|Any CPU
		{AD350E5E-82E3-22F9-C9CF-0E6A2BCD8CB1}.Debug|Any CPU.Build.0 = Debug|Any CPU
		{AD350E5E-82E3-22F9-C9CF-0E6A2BCD8CB1}.Release|Any CPU.ActiveCfg = Release|Any CPU
		{AD350E5E-82E3-22F9-C9CF-0E6A2BCD8CB1}.Release|Any CPU.Build.0 = Release|Any CPU
		{A4AAE522-CA4F-8A88-0EF4-F322647C980C}.Debug|Any CPU.ActiveCfg = Debug|Any CPU
		{A4AAE522-CA4F-8A88-0EF4-F322647C980C}.Debug|Any CPU.Build.0 = Debug|Any CPU
		{A4AAE522-CA4F-8A88-0EF4-F322647C980C}.Release|Any CPU.ActiveCfg = Release|Any CPU
		{A4AAE522-CA4F-8A88-0EF4-F322647C980C}.Release|Any CPU.Build.0 = Release|Any CPU
		{FC50B0A4-1375-15BB-A592-AE5E61C1DC7C}.Debug|Any CPU.ActiveCfg = Debug|Any CPU
		{FC50B0A4-1375-15BB-A592-AE5E61C1DC7C}.Debug|Any CPU.Build.0 = Debug|Any CPU
		{FC50B0A4-1375-15BB-A592-AE5E61C1DC7C}.Release|Any CPU.ActiveCfg = Release|Any CPU
		{FC50B0A4-1375-15BB-A592-AE5E61C1DC7C}.Release|Any CPU.Build.0 = Release|Any CPU
		{AAC7B2CC-740A-FB24-B11B-818E4E6B25AD}.Debug|Any CPU.ActiveCfg = Debug|Any CPU
		{AAC7B2CC-740A-FB24-B11B-818E4E6B25AD}.Debug|Any CPU.Build.0 = Debug|Any CPU
		{AAC7B2CC-740A-FB24-B11B-818E4E6B25AD}.Release|Any CPU.ActiveCfg = Release|Any CPU
		{AAC7B2CC-740A-FB24-B11B-818E4E6B25AD}.Release|Any CPU.Build.0 = Release|Any CPU
		{2292C091-05E3-BC94-E10B-61B8C75CA7FD}.Debug|Any CPU.ActiveCfg = Debug|Any CPU
		{2292C091-05E3-BC94-E10B-61B8C75CA7FD}.Debug|Any CPU.Build.0 = Debug|Any CPU
		{2292C091-05E3-BC94-E10B-61B8C75CA7FD}.Release|Any CPU.ActiveCfg = Release|Any CPU
		{2292C091-05E3-BC94-E10B-61B8C75CA7FD}.Release|Any CPU.Build.0 = Release|Any CPU
		{33E2AF03-4A14-35FE-0382-65D4B3B3AC5F}.Debug|Any CPU.ActiveCfg = Debug|Any CPU
		{33E2AF03-4A14-35FE-0382-65D4B3B3AC5F}.Debug|Any CPU.Build.0 = Debug|Any CPU
		{33E2AF03-4A14-35FE-0382-65D4B3B3AC5F}.Release|Any CPU.ActiveCfg = Release|Any CPU
		{33E2AF03-4A14-35FE-0382-65D4B3B3AC5F}.Release|Any CPU.Build.0 = Release|Any CPU
		{58EF688A-4879-B455-2AD9-467DFE027EDC}.Debug|Any CPU.ActiveCfg = Debug|Any CPU
		{58EF688A-4879-B455-2AD9-467DFE027EDC}.Debug|Any CPU.Build.0 = Debug|Any CPU
		{58EF688A-4879-B455-2AD9-467DFE027EDC}.Release|Any CPU.ActiveCfg = Release|Any CPU
		{58EF688A-4879-B455-2AD9-467DFE027EDC}.Release|Any CPU.Build.0 = Release|Any CPU
		{3764A408-AA0B-757C-439F-664075714A1F}.Debug|Any CPU.ActiveCfg = Debug|Any CPU
		{3764A408-AA0B-757C-439F-664075714A1F}.Debug|Any CPU.Build.0 = Debug|Any CPU
		{3764A408-AA0B-757C-439F-664075714A1F}.Release|Any CPU.ActiveCfg = Release|Any CPU
		{3764A408-AA0B-757C-439F-664075714A1F}.Release|Any CPU.Build.0 = Release|Any CPU
		{77D5C60E-354D-D502-AF9A-706B19A0E58E}.Debug|Any CPU.ActiveCfg = Debug|Any CPU
		{77D5C60E-354D-D502-AF9A-706B19A0E58E}.Debug|Any CPU.Build.0 = Debug|Any CPU
		{77D5C60E-354D-D502-AF9A-706B19A0E58E}.Release|Any CPU.ActiveCfg = Release|Any CPU
		{77D5C60E-354D-D502-AF9A-706B19A0E58E}.Release|Any CPU.Build.0 = Release|Any CPU
		{6978BE33-8F78-CCFD-DA4D-B9FDF92BDB81}.Debug|Any CPU.ActiveCfg = Debug|Any CPU
		{6978BE33-8F78-CCFD-DA4D-B9FDF92BDB81}.Debug|Any CPU.Build.0 = Debug|Any CPU
		{6978BE33-8F78-CCFD-DA4D-B9FDF92BDB81}.Release|Any CPU.ActiveCfg = Release|Any CPU
		{6978BE33-8F78-CCFD-DA4D-B9FDF92BDB81}.Release|Any CPU.Build.0 = Release|Any CPU
		{BBC14F9E-8BB6-C360-B798-C6620F73AA10}.Debug|Any CPU.ActiveCfg = Debug|Any CPU
		{BBC14F9E-8BB6-C360-B798-C6620F73AA10}.Debug|Any CPU.Build.0 = Debug|Any CPU
		{BBC14F9E-8BB6-C360-B798-C6620F73AA10}.Release|Any CPU.ActiveCfg = Release|Any CPU
		{BBC14F9E-8BB6-C360-B798-C6620F73AA10}.Release|Any CPU.Build.0 = Release|Any CPU
		{54AC726C-3F1F-EA86-89F6-A20BB3D0273D}.Debug|Any CPU.ActiveCfg = Debug|Any CPU
		{54AC726C-3F1F-EA86-89F6-A20BB3D0273D}.Debug|Any CPU.Build.0 = Debug|Any CPU
		{54AC726C-3F1F-EA86-89F6-A20BB3D0273D}.Release|Any CPU.ActiveCfg = Release|Any CPU
		{54AC726C-3F1F-EA86-89F6-A20BB3D0273D}.Release|Any CPU.Build.0 = Release|Any CPU
		{EB75B547-FF57-FEEF-1C69-86051CCE95E4}.Debug|Any CPU.ActiveCfg = Debug|Any CPU
		{EB75B547-FF57-FEEF-1C69-86051CCE95E4}.Debug|Any CPU.Build.0 = Debug|Any CPU
		{EB75B547-FF57-FEEF-1C69-86051CCE95E4}.Release|Any CPU.ActiveCfg = Release|Any CPU
		{EB75B547-FF57-FEEF-1C69-86051CCE95E4}.Release|Any CPU.Build.0 = Release|Any CPU
		{D17A9549-7BFA-D9AD-7370-0CE5F4E7A019}.Debug|Any CPU.ActiveCfg = Debug|Any CPU
		{D17A9549-7BFA-D9AD-7370-0CE5F4E7A019}.Debug|Any CPU.Build.0 = Debug|Any CPU
		{D17A9549-7BFA-D9AD-7370-0CE5F4E7A019}.Release|Any CPU.ActiveCfg = Release|Any CPU
		{D17A9549-7BFA-D9AD-7370-0CE5F4E7A019}.Release|Any CPU.Build.0 = Release|Any CPU
		{B938D7DA-FC05-5A2D-401A-6E3FA71D55BF}.Debug|Any CPU.ActiveCfg = Debug|Any CPU
		{B938D7DA-FC05-5A2D-401A-6E3FA71D55BF}.Debug|Any CPU.Build.0 = Debug|Any CPU
		{B938D7DA-FC05-5A2D-401A-6E3FA71D55BF}.Release|Any CPU.ActiveCfg = Release|Any CPU
		{B938D7DA-FC05-5A2D-401A-6E3FA71D55BF}.Release|Any CPU.Build.0 = Release|Any CPU
		{AB35E524-4934-3578-B901-840B7F9BB4CB}.Debug|Any CPU.ActiveCfg = Debug|Any CPU
		{AB35E524-4934-3578-B901-840B7F9BB4CB}.Debug|Any CPU.Build.0 = Debug|Any CPU
		{AB35E524-4934-3578-B901-840B7F9BB4CB}.Release|Any CPU.ActiveCfg = Release|Any CPU
		{AB35E524-4934-3578-B901-840B7F9BB4CB}.Release|Any CPU.Build.0 = Release|Any CPU
		{049D01AF-BDA6-014A-8F16-FB22CB2CFD89}.Debug|Any CPU.ActiveCfg = Debug|Any CPU
		{049D01AF-BDA6-014A-8F16-FB22CB2CFD89}.Debug|Any CPU.Build.0 = Debug|Any CPU
		{049D01AF-BDA6-014A-8F16-FB22CB2CFD89}.Release|Any CPU.ActiveCfg = Release|Any CPU
		{049D01AF-BDA6-014A-8F16-FB22CB2CFD89}.Release|Any CPU.Build.0 = Release|Any CPU
		{354CC1AB-C519-5D91-B21F-C71926F82A08}.Debug|Any CPU.ActiveCfg = Debug|Any CPU
		{354CC1AB-C519-5D91-B21F-C71926F82A08}.Debug|Any CPU.Build.0 = Debug|Any CPU
		{354CC1AB-C519-5D91-B21F-C71926F82A08}.Release|Any CPU.ActiveCfg = Release|Any CPU
		{354CC1AB-C519-5D91-B21F-C71926F82A08}.Release|Any CPU.Build.0 = Release|Any CPU
		{0BE37737-03B2-3487-662E-6C86C0E0D90C}.Debug|Any CPU.ActiveCfg = Debug|Any CPU
		{0BE37737-03B2-3487-662E-6C86C0E0D90C}.Debug|Any CPU.Build.0 = Debug|Any CPU
		{0BE37737-03B2-3487-662E-6C86C0E0D90C}.Release|Any CPU.ActiveCfg = Release|Any CPU
		{0BE37737-03B2-3487-662E-6C86C0E0D90C}.Release|Any CPU.Build.0 = Release|Any CPU
		{F4E152E2-F6C2-D8F9-54D5-03F4249F5101}.Debug|Any CPU.ActiveCfg = Debug|Any CPU
		{F4E152E2-F6C2-D8F9-54D5-03F4249F5101}.Debug|Any CPU.Build.0 = Debug|Any CPU
		{F4E152E2-F6C2-D8F9-54D5-03F4249F5101}.Release|Any CPU.ActiveCfg = Release|Any CPU
		{F4E152E2-F6C2-D8F9-54D5-03F4249F5101}.Release|Any CPU.Build.0 = Release|Any CPU
		{B37606EF-BBD1-F2B4-E978-AFC7A754EB9A}.Debug|Any CPU.ActiveCfg = Debug|Any CPU
		{B37606EF-BBD1-F2B4-E978-AFC7A754EB9A}.Debug|Any CPU.Build.0 = Debug|Any CPU
		{B37606EF-BBD1-F2B4-E978-AFC7A754EB9A}.Release|Any CPU.ActiveCfg = Release|Any CPU
		{B37606EF-BBD1-F2B4-E978-AFC7A754EB9A}.Release|Any CPU.Build.0 = Release|Any CPU
		{C6BDD527-0364-2830-310B-EDE31E44AC6B}.Debug|Any CPU.ActiveCfg = Debug|Any CPU
		{C6BDD527-0364-2830-310B-EDE31E44AC6B}.Debug|Any CPU.Build.0 = Debug|Any CPU
		{C6BDD527-0364-2830-310B-EDE31E44AC6B}.Release|Any CPU.ActiveCfg = Release|Any CPU
		{C6BDD527-0364-2830-310B-EDE31E44AC6B}.Release|Any CPU.Build.0 = Release|Any CPU
		{D639510A-B7C0-C64D-F6AD-66CC4ECACC64}.Debug|Any CPU.ActiveCfg = Debug|Any CPU
		{D639510A-B7C0-C64D-F6AD-66CC4ECACC64}.Debug|Any CPU.Build.0 = Debug|Any CPU
		{D639510A-B7C0-C64D-F6AD-66CC4ECACC64}.Release|Any CPU.ActiveCfg = Release|Any CPU
		{D639510A-B7C0-C64D-F6AD-66CC4ECACC64}.Release|Any CPU.Build.0 = Release|Any CPU
		{96EF606E-BDAC-FA89-8AB8-BCA309B53AFB}.Debug|Any CPU.ActiveCfg = Debug|Any CPU
		{96EF606E-BDAC-FA89-8AB8-BCA309B53AFB}.Debug|Any CPU.Build.0 = Debug|Any CPU
		{96EF606E-BDAC-FA89-8AB8-BCA309B53AFB}.Release|Any CPU.ActiveCfg = Release|Any CPU
		{96EF606E-BDAC-FA89-8AB8-BCA309B53AFB}.Release|Any CPU.Build.0 = Release|Any CPU
		{C42A741E-4189-F17C-06F6-A4D3C53B14DF}.Debug|Any CPU.ActiveCfg = Debug|Any CPU
		{C42A741E-4189-F17C-06F6-A4D3C53B14DF}.Debug|Any CPU.Build.0 = Debug|Any CPU
		{C42A741E-4189-F17C-06F6-A4D3C53B14DF}.Release|Any CPU.ActiveCfg = Release|Any CPU
		{C42A741E-4189-F17C-06F6-A4D3C53B14DF}.Release|Any CPU.Build.0 = Release|Any CPU
		{B45F9D26-8992-2ABE-A344-EC4652ABE0F3}.Debug|Any CPU.ActiveCfg = Debug|Any CPU
		{B45F9D26-8992-2ABE-A344-EC4652ABE0F3}.Debug|Any CPU.Build.0 = Debug|Any CPU
		{B45F9D26-8992-2ABE-A344-EC4652ABE0F3}.Release|Any CPU.ActiveCfg = Release|Any CPU
		{B45F9D26-8992-2ABE-A344-EC4652ABE0F3}.Release|Any CPU.Build.0 = Release|Any CPU
		{E094C1CF-8EE6-4F60-CF00-D670D6C1F395}.Debug|Any CPU.ActiveCfg = Debug|Any CPU
		{E094C1CF-8EE6-4F60-CF00-D670D6C1F395}.Debug|Any CPU.Build.0 = Debug|Any CPU
		{E094C1CF-8EE6-4F60-CF00-D670D6C1F395}.Release|Any CPU.ActiveCfg = Release|Any CPU
		{E094C1CF-8EE6-4F60-CF00-D670D6C1F395}.Release|Any CPU.Build.0 = Release|Any CPU
		{9B5260C9-FA94-F8A3-C778-BD08958477E5}.Debug|Any CPU.ActiveCfg = Debug|Any CPU
		{9B5260C9-FA94-F8A3-C778-BD08958477E5}.Debug|Any CPU.Build.0 = Debug|Any CPU
		{9B5260C9-FA94-F8A3-C778-BD08958477E5}.Release|Any CPU.ActiveCfg = Release|Any CPU
		{9B5260C9-FA94-F8A3-C778-BD08958477E5}.Release|Any CPU.Build.0 = Release|Any CPU
		{BA7AE558-88F2-CC8F-AE78-CF55059FD2D6}.Debug|Any CPU.ActiveCfg = Debug|Any CPU
		{BA7AE558-88F2-CC8F-AE78-CF55059FD2D6}.Debug|Any CPU.Build.0 = Debug|Any CPU
		{BA7AE558-88F2-CC8F-AE78-CF55059FD2D6}.Release|Any CPU.ActiveCfg = Release|Any CPU
		{BA7AE558-88F2-CC8F-AE78-CF55059FD2D6}.Release|Any CPU.Build.0 = Release|Any CPU
		{F1D117FB-1142-AC1A-7E6F-F60190A2F30A}.Debug|Any CPU.ActiveCfg = Debug|Any CPU
		{F1D117FB-1142-AC1A-7E6F-F60190A2F30A}.Debug|Any CPU.Build.0 = Debug|Any CPU
		{F1D117FB-1142-AC1A-7E6F-F60190A2F30A}.Release|Any CPU.ActiveCfg = Release|Any CPU
		{F1D117FB-1142-AC1A-7E6F-F60190A2F30A}.Release|Any CPU.Build.0 = Release|Any CPU
		{95A150D0-5A31-3233-7D07-AFE703F5811C}.Debug|Any CPU.ActiveCfg = Debug|Any CPU
		{95A150D0-5A31-3233-7D07-AFE703F5811C}.Debug|Any CPU.Build.0 = Debug|Any CPU
		{95A150D0-5A31-3233-7D07-AFE703F5811C}.Release|Any CPU.ActiveCfg = Release|Any CPU
		{95A150D0-5A31-3233-7D07-AFE703F5811C}.Release|Any CPU.Build.0 = Release|Any CPU
		{AB8CDBF4-3CC9-3CCF-99F4-69659A7D12D5}.Debug|Any CPU.ActiveCfg = Debug|Any CPU
		{AB8CDBF4-3CC9-3CCF-99F4-69659A7D12D5}.Debug|Any CPU.Build.0 = Debug|Any CPU
		{AB8CDBF4-3CC9-3CCF-99F4-69659A7D12D5}.Release|Any CPU.ActiveCfg = Release|Any CPU
		{AB8CDBF4-3CC9-3CCF-99F4-69659A7D12D5}.Release|Any CPU.Build.0 = Release|Any CPU
		{1379D48A-D795-F70F-2A2A-6E4DAC64A682}.Debug|Any CPU.ActiveCfg = Debug|Any CPU
		{1379D48A-D795-F70F-2A2A-6E4DAC64A682}.Debug|Any CPU.Build.0 = Debug|Any CPU
		{1379D48A-D795-F70F-2A2A-6E4DAC64A682}.Release|Any CPU.ActiveCfg = Release|Any CPU
		{1379D48A-D795-F70F-2A2A-6E4DAC64A682}.Release|Any CPU.Build.0 = Release|Any CPU
		{189B56EF-32DB-9034-7A0A-1E175D39B25A}.Debug|Any CPU.ActiveCfg = Debug|Any CPU
		{189B56EF-32DB-9034-7A0A-1E175D39B25A}.Debug|Any CPU.Build.0 = Debug|Any CPU
		{189B56EF-32DB-9034-7A0A-1E175D39B25A}.Release|Any CPU.ActiveCfg = Release|Any CPU
		{189B56EF-32DB-9034-7A0A-1E175D39B25A}.Release|Any CPU.Build.0 = Release|Any CPU
		{AA74D030-5E24-F81B-44A4-4B58E75110C4}.Debug|Any CPU.ActiveCfg = Debug|Any CPU
		{AA74D030-5E24-F81B-44A4-4B58E75110C4}.Debug|Any CPU.Build.0 = Debug|Any CPU
		{AA74D030-5E24-F81B-44A4-4B58E75110C4}.Release|Any CPU.ActiveCfg = Release|Any CPU
		{AA74D030-5E24-F81B-44A4-4B58E75110C4}.Release|Any CPU.Build.0 = Release|Any CPU
		{A0914665-A852-E84E-40DD-4445AF131286}.Debug|Any CPU.ActiveCfg = Debug|Any CPU
		{A0914665-A852-E84E-40DD-4445AF131286}.Debug|Any CPU.Build.0 = Debug|Any CPU
		{A0914665-A852-E84E-40DD-4445AF131286}.Release|Any CPU.ActiveCfg = Release|Any CPU
		{A0914665-A852-E84E-40DD-4445AF131286}.Release|Any CPU.Build.0 = Release|Any CPU
		{72AD3753-4962-49A8-3DA6-BB8D790B4C77}.Debug|Any CPU.ActiveCfg = Debug|Any CPU
		{72AD3753-4962-49A8-3DA6-BB8D790B4C77}.Debug|Any CPU.Build.0 = Debug|Any CPU
		{72AD3753-4962-49A8-3DA6-BB8D790B4C77}.Release|Any CPU.ActiveCfg = Release|Any CPU
		{72AD3753-4962-49A8-3DA6-BB8D790B4C77}.Release|Any CPU.Build.0 = Release|Any CPU
	EndGlobalSection
	GlobalSection(SolutionProperties) = preSolution
		HideSolutionNode = FALSE
	EndGlobalSection
EndGlobal
